
Microsoft Visual Studio Solution File, Format Version 12.00
# Visual Studio Version 17
VisualStudioVersion = 17.12.35707.178
MinimumVisualStudioVersion = 10.0.40219.1
Project("{FAE04EC0-301F-11D3-BF4B-00C04F79EFBC}") = "FlightsApi", "FlightsApi\FlightsApi.csproj", "{6126208D-2976-4212-B1BC-CDA14681F21B}"
EndProject
Project("{FAE04EC0-301F-11D3-BF4B-00C04F79EFBC}") = "FlightsBl", "FlightBl\FlightsBl.csproj", "{0DE5483C-F0FF-4F55-9739-2F325084B7C3}"
EndProject
Project("{FAE04EC0-301F-11D3-BF4B-00C04F79EFBC}") = "FlightsDl", "FlightsDl\FlightsDl.csproj", "{DC0EEF8C-A45A-44C8-B9D8-566E8FADE25D}"
EndProject
Project("{FAE04EC0-301F-11D3-BF4B-00C04F79EFBC}") = "FlightsEntity", "FlightsEntity\FlightsEntity.csproj", "{00D48CBA-912E-422E-8B82-C5449F040661}"
EndProject
Project("{FAE04EC0-301F-11D3-BF4B-00C04F79EFBC}") = "FlightUnitTest", "FlightUnitTest\FlightUnitTest.csproj", "{18733494-C5E2-47BD-B2E2-CAB7554642F4}"
EndProject
Global
	GlobalSection(SolutionConfigurationPlatforms) = preSolution
		Debug|Any CPU = Debug|Any CPU
		Release|Any CPU = Release|Any CPU
	EndGlobalSection
	GlobalSection(ProjectConfigurationPlatforms) = postSolution
		{6126208D-2976-4212-B1BC-CDA14681F21B}.Debug|Any CPU.ActiveCfg = Debug|Any CPU
		{6126208D-2976-4212-B1BC-CDA14681F21B}.Debug|Any CPU.Build.0 = Debug|Any CPU
		{6126208D-2976-4212-B1BC-CDA14681F21B}.Release|Any CPU.ActiveCfg = Release|Any CPU
		{6126208D-2976-4212-B1BC-CDA14681F21B}.Release|Any CPU.Build.0 = Release|Any CPU
		{0DE5483C-F0FF-4F55-9739-2F325084B7C3}.Debug|Any CPU.ActiveCfg = Debug|Any CPU
		{0DE5483C-F0FF-4F55-9739-2F325084B7C3}.Debug|Any CPU.Build.0 = Debug|Any CPU
		{0DE5483C-F0FF-4F55-9739-2F325084B7C3}.Release|Any CPU.ActiveCfg = Release|Any CPU
		{0DE5483C-F0FF-4F55-9739-2F325084B7C3}.Release|Any CPU.Build.0 = Release|Any CPU
		{DC0EEF8C-A45A-44C8-B9D8-566E8FADE25D}.Debug|Any CPU.ActiveCfg = Debug|Any CPU
		{DC0EEF8C-A45A-44C8-B9D8-566E8FADE25D}.Debug|Any CPU.Build.0 = Debug|Any CPU
		{DC0EEF8C-A45A-44C8-B9D8-566E8FADE25D}.Release|Any CPU.ActiveCfg = Release|Any CPU
		{DC0EEF8C-A45A-44C8-B9D8-566E8FADE25D}.Release|Any CPU.Build.0 = Release|Any CPU
		{00D48CBA-912E-422E-8B82-C5449F040661}.Debug|Any CPU.ActiveCfg = Debug|Any CPU
		{00D48CBA-912E-422E-8B82-C5449F040661}.Debug|Any CPU.Build.0 = Debug|Any CPU
		{00D48CBA-912E-422E-8B82-C5449F040661}.Release|Any CPU.ActiveCfg = Release|Any CPU
		{00D48CBA-912E-422E-8B82-C5449F040661}.Release|Any CPU.Build.0 = Release|Any CPU
		{18733494-C5E2-47BD-B2E2-CAB7554642F4}.Debug|Any CPU.ActiveCfg = Debug|Any CPU
		{18733494-C5E2-47BD-B2E2-CAB7554642F4}.Debug|Any CPU.Build.0 = Debug|Any CPU
		{18733494-C5E2-47BD-B2E2-CAB7554642F4}.Release|Any CPU.ActiveCfg = Release|Any CPU
		{18733494-C5E2-47BD-B2E2-CAB7554642F4}.Release|Any CPU.Build.0 = Release|Any CPU
	EndGlobalSection
	GlobalSection(SolutionProperties) = preSolution
		HideSolutionNode = FALSE
	EndGlobalSection
EndGlobal
